
Microsoft Visual Studio Solution File, Format Version 12.00
# Visual Studio Version 16
VisualStudioVersion = 16.0.30621.155
MinimumVisualStudioVersion = 10.0.40219.1
Project("{FAE04EC0-301F-11D3-BF4B-00C04F79EFBC}") = "pr424_SolodkovAA_midterm_control", "pr424_SolodkovAA_midterm_control\pr424_SolodkovAA_midterm_control.csproj", "{7D3A5548-B94F-42B6-A387-40DE50C18C7B}"
EndProject
Global
	GlobalSection(SolutionConfigurationPlatforms) = preSolution
		Debug|Any CPU = Debug|Any CPU
		Release|Any CPU = Release|Any CPU
	EndGlobalSection
	GlobalSection(ProjectConfigurationPlatforms) = postSolution
		{7D3A5548-B94F-42B6-A387-40DE50C18C7B}.Debug|Any CPU.ActiveCfg = Debug|Any CPU
		{7D3A5548-B94F-42B6-A387-40DE50C18C7B}.Debug|Any CPU.Build.0 = Debug|Any CPU
		{7D3A5548-B94F-42B6-A387-40DE50C18C7B}.Release|Any CPU.ActiveCfg = Release|Any CPU
		{7D3A5548-B94F-42B6-A387-40DE50C18C7B}.Release|Any CPU.Build.0 = Release|Any CPU
	EndGlobalSection
	GlobalSection(SolutionProperties) = preSolution
		HideSolutionNode = FALSE
	EndGlobalSection
	GlobalSection(ExtensibilityGlobals) = postSolution
		SolutionGuid = {49D60059-2B7E-48B5-87E8-AF60A1FB72E0}
	EndGlobalSection
EndGlobal
